
Microsoft Visual Studio Solution File, Format Version 12.00
# Visual Studio Version 17
VisualStudioVersion = 17.5.33516.290
MinimumVisualStudioVersion = 10.0.40219.1
Project("{FAE04EC0-301F-11D3-BF4B-00C04F79EFBC}") = "GameOfLife", "GameOfLife.csproj", "{0511CCD2-71B2-43CB-A7CB-75FECE45F951}"
EndProject
Global
	GlobalSection(SolutionConfigurationPlatforms) = preSolution
		Debug|Any CPU = Debug|Any CPU
		Release|Any CPU = Release|Any CPU
	EndGlobalSection
	GlobalSection(ProjectConfigurationPlatforms) = postSolution
		{0511CCD2-71B2-43CB-A7CB-75FECE45F951}.Debug|Any CPU.ActiveCfg = Debug|Any CPU
		{0511CCD2-71B2-43CB-A7CB-75FECE45F951}.Debug|Any CPU.Build.0 = Debug|Any CPU
		{0511CCD2-71B2-43CB-A7CB-75FECE45F951}.Release|Any CPU.ActiveCfg = Release|Any CPU
		{0511CCD2-71B2-43CB-A7CB-75FECE45F951}.Release|Any CPU.Build.0 = Release|Any CPU
	EndGlobalSection
	GlobalSection(SolutionProperties) = preSolution
		HideSolutionNode = FALSE
	EndGlobalSection
	GlobalSection(ExtensibilityGlobals) = postSolution
		SolutionGuid = {1D71A0F8-5875-46D7-96FB-E4C8516C601D}
	EndGlobalSection
EndGlobal
